
Microsoft Visual Studio Solution File, Format Version 12.00
Project("{F2A71F9B-5D33-465A-A702-920D77279786}") = "Aoc2021", "Aoc2021\Aoc2021.fsproj", "{9507C147-7647-44DA-B1DE-ED1E560B8189}"
EndProject
Global
	GlobalSection(SolutionConfigurationPlatforms) = preSolution
		Debug|Any CPU = Debug|Any CPU
		Release|Any CPU = Release|Any CPU
	EndGlobalSection
	GlobalSection(ProjectConfigurationPlatforms) = postSolution
		{9507C147-7647-44DA-B1DE-ED1E560B8189}.Debug|Any CPU.ActiveCfg = Debug|Any CPU
		{9507C147-7647-44DA-B1DE-ED1E560B8189}.Debug|Any CPU.Build.0 = Debug|Any CPU
		{9507C147-7647-44DA-B1DE-ED1E560B8189}.Release|Any CPU.ActiveCfg = Release|Any CPU
		{9507C147-7647-44DA-B1DE-ED1E560B8189}.Release|Any CPU.Build.0 = Release|Any CPU
	EndGlobalSection
EndGlobal
